{
    "_readme": [
        "This file locks the dependencies of your project to a known state",
        "Read more about it at http://getcomposer.org/doc/01-basic-usage.md#composer-lock-the-lock-file",
        "This file is @generated automatically"
    ],
    "hash": "d23364114301a45bbe0dd6178c2a4475",
    "packages": [
        {
            "name": "novutec/domainparser",
            "version": "dev-master",
            "source": {
                "type": "git",
                "url": "https://github.com/3name/DomainParser.git",
                "reference": "c5d0d845e5a88e1c28c9caa78d8834c340f19893"
            },
            "dist": {
                "type": "zip",
                "url": "https://api.github.com/repos/3name/DomainParser/zipball/c5d0d845e5a88e1c28c9caa78d8834c340f19893",
                "reference": "c5d0d845e5a88e1c28c9caa78d8834c340f19893",
                "shasum": ""
            },
            "type": "library",
            "autoload": {
                "classmap": [
                    "Parser.php"
                ]
            },
            "notification-url": "https://packagist.org/downloads/",
            "license": [
                "Apache-2.0"
            ],
            "description": "A domain name parser to parse and to validate a domain name.",
            "homepage": "https://github.com/3name/DomainParser/",
            "keywords": [
                "domain",
                "domainparser",
                "php"
            ],
            "time": "2015-04-11 21:37:57"
        },
        {
            "name": "novutec/whoisparser",
            "version": "dev-master",
            "source": {
                "type": "git",
                "url": "https://github.com/3name/WhoisParser.git",
                "reference": "90990514295c747d7700b9f72323fee062e07648"
            },
            "dist": {
                "type": "zip",
                "url": "https://api.github.com/repos/3name/WhoisParser/zipball/90990514295c747d7700b9f72323fee062e07648",
                "reference": "90990514295c747d7700b9f72323fee062e07648",
                "shasum": ""
            },
            "require": {
                "novutec/domainparser": ">=2.0.3"
            },
            "type": "library",
            "autoload": {
                "psr-4": {
                    "Novutec\\WhoisParser\\": ""
                }
            },
            "notification-url": "https://packagist.org/downloads/",
            "license": [
                "Apache-2.0"
            ],
            "description": "Lookup domain names, IP addresses and AS numbers by WHOIS.",
            "homepage": "https://github.com/3name/WhoisParser/",
            "keywords": [
                "php",
                "whois",
                "whoisparser"
            ],
            "time": "2015-05-21 19:25:53"
        },
        {
            "name": "wp-cli/php-cli-tools",
            "version": "dev-master",
            "source": {
                "type": "git",
                "url": "https://github.com/wp-cli/php-cli-tools.git",
                "reference": "288bf4ceeb852bcaa00bf9922b505dccea3b0d39"
            },
            "dist": {
                "type": "zip",
                "url": "https://api.github.com/repos/wp-cli/php-cli-tools/zipball/288bf4ceeb852bcaa00bf9922b505dccea3b0d39",
                "reference": "288bf4ceeb852bcaa00bf9922b505dccea3b0d39",
                "shasum": ""
            },
            "require": {
                "php": ">= 5.3.0"
            },
            "type": "library",
            "autoload": {
                "psr-0": {
                    "cli": "lib/"
                },
                "files": [
                    "lib/cli/cli.php"
                ]
            },
            "notification-url": "https://packagist.org/downloads/",
            "license": [
                "MIT"
            ],
            "authors": [
                {
                    "name": "James Logsdon",
                    "email": "jlogsdon@php.net",
                    "role": "Developer"
                },
                {
                    "name": "Daniel Bachhuber",
                    "email": "daniel@handbuilt.co",
                    "role": "Maintainer"
                }
            ],
            "description": "Console utilities for PHP",
            "homepage": "http://github.com/wp-cli/php-cli-tools",
            "keywords": [
                "cli",
                "console"
            ],
            "time": "2015-08-26 03:42:46"
        }
    ],
    "packages-dev": [],
    "aliases": [],
    "minimum-stability": "dev",
    "stability-flags": {
        "novutec/whoisparser": 20,
        "wp-cli/php-cli-tools": 20
    },
    "prefer-stable": false,
    "prefer-lowest": false,
    "platform": [],
    "platform-dev": []
}
